
Microsoft Visual Studio Solution File, Format Version 12.00
# Visual Studio Version 17
VisualStudioVersion = 17.4.33205.214
MinimumVisualStudioVersion = 10.0.40219.1
Project("{FAE04EC0-301F-11D3-BF4B-00C04F79EFBC}") = "FormArm", "FormArm\FormArm.csproj", "{63EBA1DB-B401-4467-B6A3-983496A7B775}"
EndProject
Global
	GlobalSection(SolutionConfigurationPlatforms) = preSolution
		Debug|Any CPU = Debug|Any CPU
		Release|Any CPU = Release|Any CPU
	EndGlobalSection
	GlobalSection(ProjectConfigurationPlatforms) = postSolution
		{63EBA1DB-B401-4467-B6A3-983496A7B775}.Debug|Any CPU.ActiveCfg = Debug|Any CPU
		{63EBA1DB-B401-4467-B6A3-983496A7B775}.Debug|Any CPU.Build.0 = Debug|Any CPU
		{63EBA1DB-B401-4467-B6A3-983496A7B775}.Release|Any CPU.ActiveCfg = Release|Any CPU
		{63EBA1DB-B401-4467-B6A3-983496A7B775}.Release|Any CPU.Build.0 = Release|Any CPU
	EndGlobalSection
	GlobalSection(SolutionProperties) = preSolution
		HideSolutionNode = FALSE
	EndGlobalSection
	GlobalSection(ExtensibilityGlobals) = postSolution
		SolutionGuid = {D3F73C27-1CBC-4C8A-8EED-E0DFD81F0EC3}
	EndGlobalSection
EndGlobal
